{
  "name": "uikit-practice",
  "version": "1.0.0",
  "lockfileVersion": 3,
  "requires": true,
  "packages": {
    "": {
      "name": "uikit-practice",
      "version": "1.0.0",
      "license": "ISC",
      "dependencies": {
        "uikit": "^3.21.5"
      }
    },
    "node_modules/uikit": {
      "version": "3.21.5",
      "resolved": "https://registry.npmjs.org/uikit/-/uikit-3.21.5.tgz",
      "integrity": "sha512-hGnj8k/zt/1buyWBsU8bWAoBn3qlpm7S7pU//az1L+iRQcRDUfzYcjBVm48Jd1RDjVhFA015i2Qn0ibYmv2Qnw==",
      "license": "MIT"
    }
  }
}
